
Microsoft Visual Studio Solution File, Format Version 12.00
# Visual Studio Version 17
VisualStudioVersion = 17.4.33110.190
MinimumVisualStudioVersion = 10.0.40219.1
Project("{FAE04EC0-301F-11D3-BF4B-00C04F79EFBC}") = "SuurkaskTestimine13.05", "SuurkaskTestimine13.05\SuurkaskTestimine13.05.csproj", "{7E5FF917-D81A-464E-8EF5-0553C27B2855}"
EndProject
Project("{FAE04EC0-301F-11D3-BF4B-00C04F79EFBC}") = "TestProject1", "TestProject1\TestProject1.csproj", "{F99E4DBF-65E5-46ED-AC2A-0387D8808482}"
EndProject
Global
	GlobalSection(SolutionConfigurationPlatforms) = preSolution
		Debug|Any CPU = Debug|Any CPU
		Release|Any CPU = Release|Any CPU
	EndGlobalSection
	GlobalSection(ProjectConfigurationPlatforms) = postSolution
		{7E5FF917-D81A-464E-8EF5-0553C27B2855}.Debug|Any CPU.ActiveCfg = Debug|Any CPU
		{7E5FF917-D81A-464E-8EF5-0553C27B2855}.Debug|Any CPU.Build.0 = Debug|Any CPU
		{7E5FF917-D81A-464E-8EF5-0553C27B2855}.Release|Any CPU.ActiveCfg = Release|Any CPU
		{7E5FF917-D81A-464E-8EF5-0553C27B2855}.Release|Any CPU.Build.0 = Release|Any CPU
		{F99E4DBF-65E5-46ED-AC2A-0387D8808482}.Debug|Any CPU.ActiveCfg = Debug|Any CPU
		{F99E4DBF-65E5-46ED-AC2A-0387D8808482}.Debug|Any CPU.Build.0 = Debug|Any CPU
		{F99E4DBF-65E5-46ED-AC2A-0387D8808482}.Release|Any CPU.ActiveCfg = Release|Any CPU
		{F99E4DBF-65E5-46ED-AC2A-0387D8808482}.Release|Any CPU.Build.0 = Release|Any CPU
	EndGlobalSection
	GlobalSection(SolutionProperties) = preSolution
		HideSolutionNode = FALSE
	EndGlobalSection
	GlobalSection(ExtensibilityGlobals) = postSolution
		SolutionGuid = {5F1CF5BE-BE78-4CC1-B410-DF17446906B4}
	EndGlobalSection
EndGlobal
